// !$*UTF8*$!
{
	archiveVersion = 1;
	classes = {
	};
	objectVersion = 51;
	objects = {

/* Begin PBXBuildFile section */
		2D18FCDA242FF54400939080 /* GoogleService-Info.plist in Resources */ = {isa = PBXBuildFile; fileRef = 2D18FCD9242FF54400939080 /* GoogleService-Info.plist */; };
		2D18FCEA2430F41800939080 /* Fonts.swift in Sources */ = {isa = PBXBuildFile; fileRef = 2D18FCE92430F41800939080 /* Fonts.swift */; };
		2D18FCEC2430F64B00939080 /* Strings.swift in Sources */ = {isa = PBXBuildFile; fileRef = 2D18FCEB2430F64B00939080 /* Strings.swift */; };
		2D18FCEE2430FC5100939080 /* UITableViewExtension.swift in Sources */ = {isa = PBXBuildFile; fileRef = 2D18FCED2430FC5100939080 /* UITableViewExtension.swift */; };
		2D18FCF024310EAF00939080 /* UIViewExtension.swift in Sources */ = {isa = PBXBuildFile; fileRef = 2D18FCEF24310EAF00939080 /* UIViewExtension.swift */; };
		2D18FCF3243121C800939080 /* MessageTableViewCell.swift in Sources */ = {isa = PBXBuildFile; fileRef = 2D18FCF2243121C800939080 /* MessageTableViewCell.swift */; };
		2D2020BD2435066E006BAE99 /* Constants.swift in Sources */ = {isa = PBXBuildFile; fileRef = 2D2020BC2435066E006BAE99 /* Constants.swift */; };
		2D2020BF24350845006BAE99 /* UIImageViewExtension.swift in Sources */ = {isa = PBXBuildFile; fileRef = 2D2020BE24350845006BAE99 /* UIImageViewExtension.swift */; };
		2D2020C124351F4E006BAE99 /* MessageBarView.swift in Sources */ = {isa = PBXBuildFile; fileRef = 2D2020C024351F4E006BAE99 /* MessageBarView.swift */; };
		2D2020C324351FB5006BAE99 /* UITextFieldExtension.swift in Sources */ = {isa = PBXBuildFile; fileRef = 2D2020C224351FB5006BAE99 /* UITextFieldExtension.swift */; };
		2D277B78241E6082004335F2 /* BaseController.swift in Sources */ = {isa = PBXBuildFile; fileRef = 2D277B77241E6082004335F2 /* BaseController.swift */; };
		2D9CD076243A50A700E62FC7 /* ChatsListTableViewCell.swift in Sources */ = {isa = PBXBuildFile; fileRef = 2D9CD075243A50A700E62FC7 /* ChatsListTableViewCell.swift */; };
		2DA534FD2422D0E00000E9F9 /* APIRequest.swift in Sources */ = {isa = PBXBuildFile; fileRef = 2DA534FC2422D0E00000E9F9 /* APIRequest.swift */; };
		2DC6F87C2413D6990097B013 /* AppDelegate.swift in Sources */ = {isa = PBXBuildFile; fileRef = 2DC6F87B2413D6990097B013 /* AppDelegate.swift */; };
		2DC6F87E2413D6990097B013 /* SceneDelegate.swift in Sources */ = {isa = PBXBuildFile; fileRef = 2DC6F87D2413D6990097B013 /* SceneDelegate.swift */; };
		2DC6F8802413D6990097B013 /* ChatsController.swift in Sources */ = {isa = PBXBuildFile; fileRef = 2DC6F87F2413D6990097B013 /* ChatsController.swift */; };
		2DC6F8852413D69D0097B013 /* Assets.xcassets in Resources */ = {isa = PBXBuildFile; fileRef = 2DC6F8842413D69D0097B013 /* Assets.xcassets */; };
		2DC6F8882413D69D0097B013 /* LaunchScreen.storyboard in Resources */ = {isa = PBXBuildFile; fileRef = 2DC6F8862413D69D0097B013 /* LaunchScreen.storyboard */; };
		5C7214F4798E7E4CF7B5B46A /* Pods_Disertatie.framework in Frameworks */ = {isa = PBXBuildFile; fileRef = F2276F97AC4DCAF910188CC1 /* Pods_Disertatie.framework */; };
		BC2005C5246DC8C900D2EDEF /* FirestoreService.swift in Sources */ = {isa = PBXBuildFile; fileRef = BC2005C4246DC8C900D2EDEF /* FirestoreService.swift */; };
		BC2005C7246DC8DB00D2EDEF /* FirestoreManager.swift in Sources */ = {isa = PBXBuildFile; fileRef = BC2005C6246DC8DB00D2EDEF /* FirestoreManager.swift */; };
		BC33D819242BE4C6007BF615 /* Title.swift in Sources */ = {isa = PBXBuildFile; fileRef = BC33D818242BE4C6007BF615 /* Title.swift */; };
		BC33D81D242BFED0007BF615 /* Images.swift in Sources */ = {isa = PBXBuildFile; fileRef = BC33D81C242BFED0007BF615 /* Images.swift */; };
		BC33D820242C11FC007BF615 /* ChatController.swift in Sources */ = {isa = PBXBuildFile; fileRef = BC33D81F242C11FC007BF615 /* ChatController.swift */; };
		BC4BDDDC2440F96D00AC47E4 /* ChatViewModel.swift in Sources */ = {isa = PBXBuildFile; fileRef = BC4BDDDB2440F96D00AC47E4 /* ChatViewModel.swift */; };
		BC4BDDDE2440F9A100AC47E4 /* UserViewModel.swift in Sources */ = {isa = PBXBuildFile; fileRef = BC4BDDDD2440F9A100AC47E4 /* UserViewModel.swift */; };
		BC52DC2924522F5600ABB1BB /* JSONHelper.swift in Sources */ = {isa = PBXBuildFile; fileRef = BC52DC2824522F5600ABB1BB /* JSONHelper.swift */; };
		BC52DC2F24522FB400ABB1BB /* Chat.swift in Sources */ = {isa = PBXBuildFile; fileRef = BC52DC2B24522FB400ABB1BB /* Chat.swift */; };
		BC52DC3024522FB400ABB1BB /* Message.swift in Sources */ = {isa = PBXBuildFile; fileRef = BC52DC2C24522FB400ABB1BB /* Message.swift */; };
		BC52DC3124522FB400ABB1BB /* User.swift in Sources */ = {isa = PBXBuildFile; fileRef = BC52DC2D24522FB400ABB1BB /* User.swift */; };
		BC52DC3224522FB400ABB1BB /* TranslationsAPI.swift in Sources */ = {isa = PBXBuildFile; fileRef = BC52DC2E24522FB400ABB1BB /* TranslationsAPI.swift */; };
		BC52DC3524522FDA00ABB1BB /* Base.swift in Sources */ = {isa = PBXBuildFile; fileRef = BC52DC3424522FD900ABB1BB /* Base.swift */; };
		BC52DC382452300B00ABB1BB /* LayoutAnchor.swift in Sources */ = {isa = PBXBuildFile; fileRef = BC52DC372452300B00ABB1BB /* LayoutAnchor.swift */; };
		BC52DC3C2452315D00ABB1BB /* LayoutProxy.swift in Sources */ = {isa = PBXBuildFile; fileRef = BC52DC3B2452315D00ABB1BB /* LayoutProxy.swift */; };
		BC52DC3E2452358A00ABB1BB /* LayoutOperations.swift in Sources */ = {isa = PBXBuildFile; fileRef = BC52DC3D2452358A00ABB1BB /* LayoutOperations.swift */; };
		BC52DC4024523DFE00ABB1BB /* UIView+ConstraintsExtension.swift in Sources */ = {isa = PBXBuildFile; fileRef = BC52DC3F24523DFE00ABB1BB /* UIView+ConstraintsExtension.swift */; };
		BC52DC422452498200ABB1BB /* LayoutDimension.swift in Sources */ = {isa = PBXBuildFile; fileRef = BC52DC412452498200ABB1BB /* LayoutDimension.swift */; };
		BC52DC4424524EAE00ABB1BB /* LayoutDimensionsProxy.swift in Sources */ = {isa = PBXBuildFile; fileRef = BC52DC4324524EAE00ABB1BB /* LayoutDimensionsProxy.swift */; };
		BC554905243CCEA900764306 /* UITableViewCellExtension.swift in Sources */ = {isa = PBXBuildFile; fileRef = BC554904243CCEA900764306 /* UITableViewCellExtension.swift */; };
		BC554909243D086000764306 /* TranslationEndpoint.swift in Sources */ = {isa = PBXBuildFile; fileRef = BC554908243D086000764306 /* TranslationEndpoint.swift */; };
		BC55490B243D0C4F00764306 /* APIClient.swift in Sources */ = {isa = PBXBuildFile; fileRef = BC55490A243D0C4F00764306 /* APIClient.swift */; };
		BC7328442427A575008D05EF /* Colors.swift in Sources */ = {isa = PBXBuildFile; fileRef = BC7328432427A575008D05EF /* Colors.swift */; };
		BC7328462427A605008D05EF /* SettingsController.swift in Sources */ = {isa = PBXBuildFile; fileRef = BC7328452427A605008D05EF /* SettingsController.swift */; };
		BC77AD31244246FC00F9983E /* MessageViewModel.swift in Sources */ = {isa = PBXBuildFile; fileRef = BC77AD30244246FC00F9983E /* MessageViewModel.swift */; };
		BC77AD332442570E00F9983E /* MessageReceivedTableViewCell.swift in Sources */ = {isa = PBXBuildFile; fileRef = BC77AD322442570E00F9983E /* MessageReceivedTableViewCell.swift */; };
		BC77AD37244514B700F9983E /* UIEdgeInsetsExtension.swift in Sources */ = {isa = PBXBuildFile; fileRef = BC77AD36244514B700F9983E /* UIEdgeInsetsExtension.swift */; };
		BC7C0F3D247124E30046C39B /* Localizable.strings in Resources */ = {isa = PBXBuildFile; fileRef = BC7C0F3B247124E30046C39B /* Localizable.strings */; };
		BC946EC3244DE435004708FE /* ProfileController.swift in Sources */ = {isa = PBXBuildFile; fileRef = BC946EC2244DE435004708FE /* ProfileController.swift */; };
		BC946EC6244DE9E0004708FE /* AuthController.swift in Sources */ = {isa = PBXBuildFile; fileRef = BC946EC5244DE9E0004708FE /* AuthController.swift */; };
		BC946EC9244DEAD3004708FE /* World.png in Resources */ = {isa = PBXBuildFile; fileRef = BC946EC8244DEAD3004708FE /* World.png */; };
		BC946ECB244DF06C004708FE /* RoundedButton.swift in Sources */ = {isa = PBXBuildFile; fileRef = BC946ECA244DF06C004708FE /* RoundedButton.swift */; };
		BC9FA31224548EB90042A54D /* FormField.swift in Sources */ = {isa = PBXBuildFile; fileRef = BC9FA31124548EB90042A54D /* FormField.swift */; };
		BC9FA314245498200042A54D /* UILabelExtension.swift in Sources */ = {isa = PBXBuildFile; fileRef = BC9FA313245498200042A54D /* UILabelExtension.swift */; };
		BC9FA3162454D4D20042A54D /* UIButtonExtension.swift in Sources */ = {isa = PBXBuildFile; fileRef = BC9FA3152454D4D20042A54D /* UIButtonExtension.swift */; };
		BC9FA3182455D7400042A54D /* UINavigationControllerExtension.swift in Sources */ = {isa = PBXBuildFile; fileRef = BC9FA3172455D7400042A54D /* UINavigationControllerExtension.swift */; };
		BCB60D54244F71E8007108DB /* LoginController.swift in Sources */ = {isa = PBXBuildFile; fileRef = BCB60D53244F71E8007108DB /* LoginController.swift */; };
		BCB60D56244F779C007108DB /* BorderedTextField.swift in Sources */ = {isa = PBXBuildFile; fileRef = BCB60D55244F779C007108DB /* BorderedTextField.swift */; };
		BCBB030B242787DE00C082F1 /* TabBarController.swift in Sources */ = {isa = PBXBuildFile; fileRef = BCBB030A242787DE00C082F1 /* TabBarController.swift */; };
		BCBB030E2427889800C082F1 /* TabBarItem.swift in Sources */ = {isa = PBXBuildFile; fileRef = BCBB030D2427889800C082F1 /* TabBarItem.swift */; };
		BCBB03132427A27A00C082F1 /* Colors.xcassets in Resources */ = {isa = PBXBuildFile; fileRef = BCBB03122427A27A00C082F1 /* Colors.xcassets */; };
		BCC64359243FAAE7000EB35C /* chats.json in Resources */ = {isa = PBXBuildFile; fileRef = BCC64358243FAAE7000EB35C /* chats.json */; };
		BCC6435D243FAE15000EB35C /* messages.json in Resources */ = {isa = PBXBuildFile; fileRef = BCC6435C243FAE15000EB35C /* messages.json */; };
		BCC923F6246D21BC0058346F /* Translations.swift in Sources */ = {isa = PBXBuildFile; fileRef = BCC923F5246D21BC0058346F /* Translations.swift */; };
		BCC923FA246D228F0058346F /* StringExtension.swift in Sources */ = {isa = PBXBuildFile; fileRef = BCC923F9246D228F0058346F /* StringExtension.swift */; };
		BCD918D4244FA61D00F80194 /* Login.png in Resources */ = {isa = PBXBuildFile; fileRef = BCD918D3244FA61D00F80194 /* Login.png */; };
/* End PBXBuildFile section */

/* Begin PBXFileReference section */
		2D18FCD9242FF54400939080 /* GoogleService-Info.plist */ = {isa = PBXFileReference; fileEncoding = 4; lastKnownFileType = text.plist.xml; path = "GoogleService-Info.plist"; sourceTree = "<group>"; };
		2D18FCE92430F41800939080 /* Fonts.swift */ = {isa = PBXFileReference; lastKnownFileType = sourcecode.swift; path = Fonts.swift; sourceTree = "<group>"; };
		2D18FCEB2430F64B00939080 /* Strings.swift */ = {isa = PBXFileReference; lastKnownFileType = sourcecode.swift; path = Strings.swift; sourceTree = "<group>"; };
		2D18FCED2430FC5100939080 /* UITableViewExtension.swift */ = {isa = PBXFileReference; lastKnownFileType = sourcecode.swift; path = UITableViewExtension.swift; sourceTree = "<group>"; };
		2D18FCEF24310EAF00939080 /* UIViewExtension.swift */ = {isa = PBXFileReference; lastKnownFileType = sourcecode.swift; path = UIViewExtension.swift; sourceTree = "<group>"; };
		2D18FCF2243121C800939080 /* MessageTableViewCell.swift */ = {isa = PBXFileReference; lastKnownFileType = sourcecode.swift; path = MessageTableViewCell.swift; sourceTree = "<group>"; };
		2D2020BC2435066E006BAE99 /* Constants.swift */ = {isa = PBXFileReference; lastKnownFileType = sourcecode.swift; path = Constants.swift; sourceTree = "<group>"; };
		2D2020BE24350845006BAE99 /* UIImageViewExtension.swift */ = {isa = PBXFileReference; lastKnownFileType = sourcecode.swift; path = UIImageViewExtension.swift; sourceTree = "<group>"; };
		2D2020C024351F4E006BAE99 /* MessageBarView.swift */ = {isa = PBXFileReference; lastKnownFileType = sourcecode.swift; path = MessageBarView.swift; sourceTree = "<group>"; };
		2D2020C224351FB5006BAE99 /* UITextFieldExtension.swift */ = {isa = PBXFileReference; lastKnownFileType = sourcecode.swift; path = UITextFieldExtension.swift; sourceTree = "<group>"; };
		2D277B77241E6082004335F2 /* BaseController.swift */ = {isa = PBXFileReference; lastKnownFileType = sourcecode.swift; path = BaseController.swift; sourceTree = "<group>"; };
		2D9CD075243A50A700E62FC7 /* ChatsListTableViewCell.swift */ = {isa = PBXFileReference; fileEncoding = 4; lastKnownFileType = sourcecode.swift; path = ChatsListTableViewCell.swift; sourceTree = "<group>"; };
		2DA534FC2422D0E00000E9F9 /* APIRequest.swift */ = {isa = PBXFileReference; lastKnownFileType = sourcecode.swift; path = APIRequest.swift; sourceTree = "<group>"; };
		2DC6F8782413D6990097B013 /* Disertatie.app */ = {isa = PBXFileReference; explicitFileType = wrapper.application; includeInIndex = 0; path = Disertatie.app; sourceTree = BUILT_PRODUCTS_DIR; };
		2DC6F87B2413D6990097B013 /* AppDelegate.swift */ = {isa = PBXFileReference; lastKnownFileType = sourcecode.swift; path = AppDelegate.swift; sourceTree = "<group>"; };
		2DC6F87D2413D6990097B013 /* SceneDelegate.swift */ = {isa = PBXFileReference; lastKnownFileType = sourcecode.swift; path = SceneDelegate.swift; sourceTree = "<group>"; };
		2DC6F87F2413D6990097B013 /* ChatsController.swift */ = {isa = PBXFileReference; lastKnownFileType = sourcecode.swift; path = ChatsController.swift; sourceTree = "<group>"; };
		2DC6F8842413D69D0097B013 /* Assets.xcassets */ = {isa = PBXFileReference; lastKnownFileType = folder.assetcatalog; path = Assets.xcassets; sourceTree = "<group>"; };
		2DC6F8872413D69D0097B013 /* Base */ = {isa = PBXFileReference; lastKnownFileType = file.storyboard; name = Base; path = Base.lproj/LaunchScreen.storyboard; sourceTree = "<group>"; };
		2DC6F8892413D69D0097B013 /* Info.plist */ = {isa = PBXFileReference; lastKnownFileType = text.plist.xml; path = Info.plist; sourceTree = "<group>"; };
		4146450FDA121C4C0ACE503F /* Pods-Disertatie.release.xcconfig */ = {isa = PBXFileReference; includeInIndex = 1; lastKnownFileType = text.xcconfig; name = "Pods-Disertatie.release.xcconfig"; path = "Target Support Files/Pods-Disertatie/Pods-Disertatie.release.xcconfig"; sourceTree = "<group>"; };
		871927EB4BAF2C353339E3EB /* Pods-Disertatie.debug.xcconfig */ = {isa = PBXFileReference; includeInIndex = 1; lastKnownFileType = text.xcconfig; name = "Pods-Disertatie.debug.xcconfig"; path = "Target Support Files/Pods-Disertatie/Pods-Disertatie.debug.xcconfig"; sourceTree = "<group>"; };
		BC2005C4246DC8C900D2EDEF /* FirestoreService.swift */ = {isa = PBXFileReference; lastKnownFileType = sourcecode.swift; path = FirestoreService.swift; sourceTree = "<group>"; };
		BC2005C6246DC8DB00D2EDEF /* FirestoreManager.swift */ = {isa = PBXFileReference; lastKnownFileType = sourcecode.swift; path = FirestoreManager.swift; sourceTree = "<group>"; };
		BC33D818242BE4C6007BF615 /* Title.swift */ = {isa = PBXFileReference; lastKnownFileType = sourcecode.swift; path = Title.swift; sourceTree = "<group>"; };
		BC33D81C242BFED0007BF615 /* Images.swift */ = {isa = PBXFileReference; lastKnownFileType = sourcecode.swift; name = Images.swift; path = Disertatie/Source/Views/Images.swift; sourceTree = SOURCE_ROOT; };
		BC33D81F242C11FC007BF615 /* ChatController.swift */ = {isa = PBXFileReference; fileEncoding = 4; lastKnownFileType = sourcecode.swift; name = ChatController.swift; path = Disertatie/Source/Controllers/ChatController.swift; sourceTree = SOURCE_ROOT; };
		BC4BDDDB2440F96D00AC47E4 /* ChatViewModel.swift */ = {isa = PBXFileReference; lastKnownFileType = sourcecode.swift; path = ChatViewModel.swift; sourceTree = "<group>"; };
		BC4BDDDD2440F9A100AC47E4 /* UserViewModel.swift */ = {isa = PBXFileReference; lastKnownFileType = sourcecode.swift; path = UserViewModel.swift; sourceTree = "<group>"; };
		BC52DC2824522F5600ABB1BB /* JSONHelper.swift */ = {isa = PBXFileReference; fileEncoding = 4; lastKnownFileType = sourcecode.swift; path = JSONHelper.swift; sourceTree = "<group>"; };
		BC52DC2B24522FB400ABB1BB /* Chat.swift */ = {isa = PBXFileReference; fileEncoding = 4; lastKnownFileType = sourcecode.swift; path = Chat.swift; sourceTree = "<group>"; };
		BC52DC2C24522FB400ABB1BB /* Message.swift */ = {isa = PBXFileReference; fileEncoding = 4; lastKnownFileType = sourcecode.swift; path = Message.swift; sourceTree = "<group>"; };
		BC52DC2D24522FB400ABB1BB /* User.swift */ = {isa = PBXFileReference; fileEncoding = 4; lastKnownFileType = sourcecode.swift; path = User.swift; sourceTree = "<group>"; };
		BC52DC2E24522FB400ABB1BB /* TranslationsAPI.swift */ = {isa = PBXFileReference; fileEncoding = 4; lastKnownFileType = sourcecode.swift; path = TranslationsAPI.swift; sourceTree = "<group>"; };
		BC52DC3424522FD900ABB1BB /* Base.swift */ = {isa = PBXFileReference; fileEncoding = 4; lastKnownFileType = sourcecode.swift; path = Base.swift; sourceTree = "<group>"; };
		BC52DC372452300B00ABB1BB /* LayoutAnchor.swift */ = {isa = PBXFileReference; lastKnownFileType = sourcecode.swift; path = LayoutAnchor.swift; sourceTree = "<group>"; };
		BC52DC3B2452315D00ABB1BB /* LayoutProxy.swift */ = {isa = PBXFileReference; lastKnownFileType = sourcecode.swift; path = LayoutProxy.swift; sourceTree = "<group>"; };
		BC52DC3D2452358A00ABB1BB /* LayoutOperations.swift */ = {isa = PBXFileReference; lastKnownFileType = sourcecode.swift; path = LayoutOperations.swift; sourceTree = "<group>"; };
		BC52DC3F24523DFE00ABB1BB /* UIView+ConstraintsExtension.swift */ = {isa = PBXFileReference; lastKnownFileType = sourcecode.swift; path = "UIView+ConstraintsExtension.swift"; sourceTree = "<group>"; };
		BC52DC412452498200ABB1BB /* LayoutDimension.swift */ = {isa = PBXFileReference; lastKnownFileType = sourcecode.swift; path = LayoutDimension.swift; sourceTree = "<group>"; };
		BC52DC4324524EAE00ABB1BB /* LayoutDimensionsProxy.swift */ = {isa = PBXFileReference; lastKnownFileType = sourcecode.swift; path = LayoutDimensionsProxy.swift; sourceTree = "<group>"; };
		BC554904243CCEA900764306 /* UITableViewCellExtension.swift */ = {isa = PBXFileReference; lastKnownFileType = sourcecode.swift; path = UITableViewCellExtension.swift; sourceTree = "<group>"; };
		BC554908243D086000764306 /* TranslationEndpoint.swift */ = {isa = PBXFileReference; lastKnownFileType = sourcecode.swift; path = TranslationEndpoint.swift; sourceTree = "<group>"; };
		BC55490A243D0C4F00764306 /* APIClient.swift */ = {isa = PBXFileReference; lastKnownFileType = sourcecode.swift; path = APIClient.swift; sourceTree = "<group>"; };
		BC7328432427A575008D05EF /* Colors.swift */ = {isa = PBXFileReference; lastKnownFileType = sourcecode.swift; name = Colors.swift; path = Disertatie/Source/Controllers/Colors.swift; sourceTree = SOURCE_ROOT; };
		BC7328452427A605008D05EF /* SettingsController.swift */ = {isa = PBXFileReference; fileEncoding = 4; lastKnownFileType = sourcecode.swift; path = SettingsController.swift; sourceTree = "<group>"; };
		BC77AD30244246FC00F9983E /* MessageViewModel.swift */ = {isa = PBXFileReference; lastKnownFileType = sourcecode.swift; path = MessageViewModel.swift; sourceTree = "<group>"; };
		BC77AD322442570E00F9983E /* MessageReceivedTableViewCell.swift */ = {isa = PBXFileReference; fileEncoding = 4; lastKnownFileType = sourcecode.swift; path = MessageReceivedTableViewCell.swift; sourceTree = "<group>"; };
		BC77AD36244514B700F9983E /* UIEdgeInsetsExtension.swift */ = {isa = PBXFileReference; lastKnownFileType = sourcecode.swift; path = UIEdgeInsetsExtension.swift; sourceTree = "<group>"; };
		BC7C0F3C247124E30046C39B /* ro */ = {isa = PBXFileReference; lastKnownFileType = text.plist.strings; name = ro; path = ro.lproj/Localizable.strings; sourceTree = "<group>"; };
		BC7C0F3E247124ED0046C39B /* en */ = {isa = PBXFileReference; lastKnownFileType = text.plist.strings; name = en; path = en.lproj/Localizable.strings; sourceTree = "<group>"; };
		BC946EC2244DE435004708FE /* ProfileController.swift */ = {isa = PBXFileReference; lastKnownFileType = sourcecode.swift; path = ProfileController.swift; sourceTree = "<group>"; };
		BC946EC5244DE9E0004708FE /* AuthController.swift */ = {isa = PBXFileReference; lastKnownFileType = sourcecode.swift; path = AuthController.swift; sourceTree = "<group>"; };
		BC946EC8244DEAD3004708FE /* World.png */ = {isa = PBXFileReference; lastKnownFileType = image.png; path = World.png; sourceTree = "<group>"; };
		BC946ECA244DF06C004708FE /* RoundedButton.swift */ = {isa = PBXFileReference; lastKnownFileType = sourcecode.swift; path = RoundedButton.swift; sourceTree = "<group>"; };
		BC9FA31124548EB90042A54D /* FormField.swift */ = {isa = PBXFileReference; lastKnownFileType = sourcecode.swift; path = FormField.swift; sourceTree = "<group>"; };
		BC9FA313245498200042A54D /* UILabelExtension.swift */ = {isa = PBXFileReference; lastKnownFileType = sourcecode.swift; path = UILabelExtension.swift; sourceTree = "<group>"; };
		BC9FA3152454D4D20042A54D /* UIButtonExtension.swift */ = {isa = PBXFileReference; lastKnownFileType = sourcecode.swift; path = UIButtonExtension.swift; sourceTree = "<group>"; };
		BC9FA3172455D7400042A54D /* UINavigationControllerExtension.swift */ = {isa = PBXFileReference; lastKnownFileType = sourcecode.swift; path = UINavigationControllerExtension.swift; sourceTree = "<group>"; };
		BCB60D53244F71E8007108DB /* LoginController.swift */ = {isa = PBXFileReference; fileEncoding = 4; lastKnownFileType = sourcecode.swift; path = LoginController.swift; sourceTree = "<group>"; };
		BCB60D55244F779C007108DB /* BorderedTextField.swift */ = {isa = PBXFileReference; lastKnownFileType = sourcecode.swift; path = BorderedTextField.swift; sourceTree = "<group>"; };
		BCBB030A242787DE00C082F1 /* TabBarController.swift */ = {isa = PBXFileReference; lastKnownFileType = sourcecode.swift; path = TabBarController.swift; sourceTree = "<group>"; };
		BCBB030D2427889800C082F1 /* TabBarItem.swift */ = {isa = PBXFileReference; lastKnownFileType = sourcecode.swift; path = TabBarItem.swift; sourceTree = "<group>"; };
		BCBB03122427A27A00C082F1 /* Colors.xcassets */ = {isa = PBXFileReference; lastKnownFileType = folder.assetcatalog; path = Colors.xcassets; sourceTree = "<group>"; };
		BCC64358243FAAE7000EB35C /* chats.json */ = {isa = PBXFileReference; lastKnownFileType = text.json; path = chats.json; sourceTree = "<group>"; };
		BCC6435C243FAE15000EB35C /* messages.json */ = {isa = PBXFileReference; fileEncoding = 4; lastKnownFileType = text.json; path = messages.json; sourceTree = "<group>"; };
		BCC923F5246D21BC0058346F /* Translations.swift */ = {isa = PBXFileReference; fileEncoding = 4; lastKnownFileType = sourcecode.swift; path = Translations.swift; sourceTree = "<group>"; };
		BCC923F9246D228F0058346F /* StringExtension.swift */ = {isa = PBXFileReference; fileEncoding = 4; lastKnownFileType = sourcecode.swift; path = StringExtension.swift; sourceTree = "<group>"; };
		BCD918D3244FA61D00F80194 /* Login.png */ = {isa = PBXFileReference; lastKnownFileType = image.png; path = Login.png; sourceTree = "<group>"; };
		F2276F97AC4DCAF910188CC1 /* Pods_Disertatie.framework */ = {isa = PBXFileReference; explicitFileType = wrapper.framework; includeInIndex = 0; path = Pods_Disertatie.framework; sourceTree = BUILT_PRODUCTS_DIR; };
/* End PBXFileReference section */

/* Begin PBXFrameworksBuildPhase section */
		2DC6F8752413D6990097B013 /* Frameworks */ = {
			isa = PBXFrameworksBuildPhase;
			buildActionMask = 2147483647;
			files = (
				5C7214F4798E7E4CF7B5B46A /* Pods_Disertatie.framework in Frameworks */,
			);
			runOnlyForDeploymentPostprocessing = 0;
		};
/* End PBXFrameworksBuildPhase section */

/* Begin PBXGroup section */
		2D18FCF1243117E600939080 /* TableViewCells */ = {
			isa = PBXGroup;
			children = (
				2D18FCF2243121C800939080 /* MessageTableViewCell.swift */,
				BC77AD322442570E00F9983E /* MessageReceivedTableViewCell.swift */,
				2D9CD075243A50A700E62FC7 /* ChatsListTableViewCell.swift */,
			);
			path = TableViewCells;
			sourceTree = "<group>";
		};
		2D277B72241E56CE004335F2 /* AppDelegate */ = {
			isa = PBXGroup;
			children = (
				2DC6F87D2413D6990097B013 /* SceneDelegate.swift */,
				2DC6F87B2413D6990097B013 /* AppDelegate.swift */,
			);
			path = AppDelegate;
			sourceTree = "<group>";
		};
		2D277B73241E56D6004335F2 /* Controllers */ = {
			isa = PBXGroup;
			children = (
				2D277B77241E6082004335F2 /* BaseController.swift */,
				BC33D81F242C11FC007BF615 /* ChatController.swift */,
				BCBB030A242787DE00C082F1 /* TabBarController.swift */,
				BC946EC4244DE9CF004708FE /* Auth */,
				BC33D81E242C1072007BF615 /* Main */,
			);
			path = Controllers;
			sourceTree = "<group>";
		};
		2D277B75241E56DF004335F2 /* Assets */ = {
			isa = PBXGroup;
			children = (
				BC7C0F3B247124E30046C39B /* Localizable.strings */,
				2D18FCD9242FF54400939080 /* GoogleService-Info.plist */,
				2DC6F8892413D69D0097B013 /* Info.plist */,
				2DC6F8842413D69D0097B013 /* Assets.xcassets */,
				BCBB03122427A27A00C082F1 /* Colors.xcassets */,
				BC946EC7244DEA72004708FE /* Images */,
				BCC64357243FAAB9000EB35C /* TestData */,
			);
			path = Assets;
			sourceTree = "<group>";
		};
		2D277B76241E5717004335F2 /* Views */ = {
			isa = PBXGroup;
			children = (
				BCB60D55244F779C007108DB /* BorderedTextField.swift */,
				BC9FA31124548EB90042A54D /* FormField.swift */,
				2D2020C024351F4E006BAE99 /* MessageBarView.swift */,
				BC946ECA244DF06C004708FE /* RoundedButton.swift */,
				BC33D818242BE4C6007BF615 /* Title.swift */,
				2DC6F8862413D69D0097B013 /* LaunchScreen.storyboard */,
				BCBB030C2427888A00C082F1 /* TabBar */,
				2D18FCF1243117E600939080 /* TableViewCells */,
			);
			path = Views;
			sourceTree = "<group>";
		};
		2DA534F32422CE150000E9F9 /* Network */ = {
			isa = PBXGroup;
			children = (
				2DA534FC2422D0E00000E9F9 /* APIRequest.swift */,
				BC554908243D086000764306 /* TranslationEndpoint.swift */,
				BC55490A243D0C4F00764306 /* APIClient.swift */,
			);
			path = Network;
			sourceTree = "<group>";
		};
		2DA534F62422CF4C0000E9F9 /* Source */ = {
			isa = PBXGroup;
			children = (
				2D277B72241E56CE004335F2 /* AppDelegate */,
				2DA534F72422CFA00000E9F9 /* Constants */,
				2D277B73241E56D6004335F2 /* Controllers */,
				2DA534FA2422CFB80000E9F9 /* Extensions */,
				BC2005C2246DC87400D2EDEF /* Firebase */,
				BC52DC2724522F5600ABB1BB /* Helpers */,
				BC52DC2A24522FB400ABB1BB /* Models */,
				2DA534F32422CE150000E9F9 /* Network */,
				BC52DC3324522FD900ABB1BB /* Protocols */,
				BC4BDDDA2440F95A00AC47E4 /* ViewModels */,
				2D277B76241E5717004335F2 /* Views */,
			);
			path = Source;
			sourceTree = "<group>";
		};
		2DA534F72422CFA00000E9F9 /* Constants */ = {
			isa = PBXGroup;
			children = (
				BCC923F5246D21BC0058346F /* Translations.swift */,
				BC7328432427A575008D05EF /* Colors.swift */,
				BC33D81C242BFED0007BF615 /* Images.swift */,
				2D18FCE92430F41800939080 /* Fonts.swift */,
				2D18FCEB2430F64B00939080 /* Strings.swift */,
				2D2020BC2435066E006BAE99 /* Constants.swift */,
			);
			path = Constants;
			sourceTree = "<group>";
		};
		2DA534FA2422CFB80000E9F9 /* Extensions */ = {
			isa = PBXGroup;
			children = (
				BCC923F8246D228F0058346F /* Data */,
				BCC923F7246D228F0058346F /* UI */,
				BC77AD36244514B700F9983E /* UIEdgeInsetsExtension.swift */,
				2D2020BE24350845006BAE99 /* UIImageViewExtension.swift */,
				BC554904243CCEA900764306 /* UITableViewCellExtension.swift */,
				2D18FCED2430FC5100939080 /* UITableViewExtension.swift */,
				2D2020C224351FB5006BAE99 /* UITextFieldExtension.swift */,
				2D18FCEF24310EAF00939080 /* UIViewExtension.swift */,
				BC52DC3F24523DFE00ABB1BB /* UIView+ConstraintsExtension.swift */,
				BC9FA313245498200042A54D /* UILabelExtension.swift */,
				BC9FA3152454D4D20042A54D /* UIButtonExtension.swift */,
				BC9FA3172455D7400042A54D /* UINavigationControllerExtension.swift */,
			);
			path = Extensions;
			sourceTree = "<group>";
		};
		2DC6F86F2413D6990097B013 = {
			isa = PBXGroup;
			children = (
				2DC6F87A2413D6990097B013 /* Disertatie */,
				2DC6F8792413D6990097B013 /* Products */,
				D627D618941C05B8B9E52F0F /* Pods */,
				FF8D34EB051C89DC8C251BC0 /* Frameworks */,
			);
			sourceTree = "<group>";
		};
		2DC6F8792413D6990097B013 /* Products */ = {
			isa = PBXGroup;
			children = (
				2DC6F8782413D6990097B013 /* Disertatie.app */,
			);
			name = Products;
			sourceTree = "<group>";
		};
		2DC6F87A2413D6990097B013 /* Disertatie */ = {
			isa = PBXGroup;
			children = (
				2D277B75241E56DF004335F2 /* Assets */,
				2DA534F62422CF4C0000E9F9 /* Source */,
			);
			path = Disertatie;
			sourceTree = "<group>";
		};
		BC2005C2246DC87400D2EDEF /* Firebase */ = {
			isa = PBXGroup;
			children = (
				BC2005C3246DC88E00D2EDEF /* Firestore */,
			);
			path = Firebase;
			sourceTree = "<group>";
		};
		BC2005C3246DC88E00D2EDEF /* Firestore */ = {
			isa = PBXGroup;
			children = (
				BC2005C4246DC8C900D2EDEF /* FirestoreService.swift */,
				BC2005C6246DC8DB00D2EDEF /* FirestoreManager.swift */,
			);
			path = Firestore;
			sourceTree = "<group>";
		};
		BC33D81E242C1072007BF615 /* Main */ = {
			isa = PBXGroup;
			children = (
				BC7328452427A605008D05EF /* SettingsController.swift */,
				2DC6F87F2413D6990097B013 /* ChatsController.swift */,
				BC946EC2244DE435004708FE /* ProfileController.swift */,
			);
			path = Main;
			sourceTree = "<group>";
		};
		BC4BDDDA2440F95A00AC47E4 /* ViewModels */ = {
			isa = PBXGroup;
			children = (
				BC4BDDDB2440F96D00AC47E4 /* ChatViewModel.swift */,
				BC4BDDDD2440F9A100AC47E4 /* UserViewModel.swift */,
				BC77AD30244246FC00F9983E /* MessageViewModel.swift */,
			);
			path = ViewModels;
			sourceTree = "<group>";
		};
		BC52DC2724522F5600ABB1BB /* Helpers */ = {
			isa = PBXGroup;
			children = (
				BC52DC4524524F2700ABB1BB /* Constraints */,
				BC52DC2824522F5600ABB1BB /* JSONHelper.swift */,
			);
			path = Helpers;
			sourceTree = "<group>";
		};
		BC52DC2A24522FB400ABB1BB /* Models */ = {
			isa = PBXGroup;
			children = (
				BC52DC2B24522FB400ABB1BB /* Chat.swift */,
				BC52DC2C24522FB400ABB1BB /* Message.swift */,
				BC52DC2D24522FB400ABB1BB /* User.swift */,
				BC52DC2E24522FB400ABB1BB /* TranslationsAPI.swift */,
			);
			path = Models;
			sourceTree = "<group>";
		};
		BC52DC3324522FD900ABB1BB /* Protocols */ = {
			isa = PBXGroup;
			children = (
				BC52DC3424522FD900ABB1BB /* Base.swift */,
			);
			path = Protocols;
			sourceTree = "<group>";
		};
		BC52DC4524524F2700ABB1BB /* Constraints */ = {
			isa = PBXGroup;
			children = (
				BC52DC372452300B00ABB1BB /* LayoutAnchor.swift */,
				BC52DC412452498200ABB1BB /* LayoutDimension.swift */,
				BC52DC4324524EAE00ABB1BB /* LayoutDimensionsProxy.swift */,
				BC52DC3D2452358A00ABB1BB /* LayoutOperations.swift */,
				BC52DC3B2452315D00ABB1BB /* LayoutProxy.swift */,
			);
			path = Constraints;
			sourceTree = "<group>";
		};
		BC946EC4244DE9CF004708FE /* Auth */ = {
			isa = PBXGroup;
			children = (
				BC946EC5244DE9E0004708FE /* AuthController.swift */,
				BCB60D53244F71E8007108DB /* LoginController.swift */,
			);
			path = Auth;
			sourceTree = "<group>";
		};
		BC946EC7244DEA72004708FE /* Images */ = {
			isa = PBXGroup;
			children = (
				BCD918D3244FA61D00F80194 /* Login.png */,
				BC946EC8244DEAD3004708FE /* World.png */,
			);
			path = Images;
			sourceTree = "<group>";
		};
		BCBB030C2427888A00C082F1 /* TabBar */ = {
			isa = PBXGroup;
			children = (
				BCBB030D2427889800C082F1 /* TabBarItem.swift */,
			);
			path = TabBar;
			sourceTree = "<group>";
		};
		BCC64357243FAAB9000EB35C /* TestData */ = {
			isa = PBXGroup;
			children = (
				BCC64358243FAAE7000EB35C /* chats.json */,
				BCC6435C243FAE15000EB35C /* messages.json */,
			);
			path = TestData;
			sourceTree = "<group>";
		};
		BCC923F7246D228F0058346F /* UI */ = {
			isa = PBXGroup;
			children = (
			);
			path = UI;
			sourceTree = "<group>";
		};
		BCC923F8246D228F0058346F /* Data */ = {
			isa = PBXGroup;
			children = (
				BCC923F9246D228F0058346F /* StringExtension.swift */,
			);
			path = Data;
			sourceTree = "<group>";
		};
		D627D618941C05B8B9E52F0F /* Pods */ = {
			isa = PBXGroup;
			children = (
				871927EB4BAF2C353339E3EB /* Pods-Disertatie.debug.xcconfig */,
				4146450FDA121C4C0ACE503F /* Pods-Disertatie.release.xcconfig */,
			);
			path = Pods;
			sourceTree = "<group>";
		};
		FF8D34EB051C89DC8C251BC0 /* Frameworks */ = {
			isa = PBXGroup;
			children = (
				F2276F97AC4DCAF910188CC1 /* Pods_Disertatie.framework */,
			);
			name = Frameworks;
			sourceTree = "<group>";
		};
/* End PBXGroup section */

/* Begin PBXNativeTarget section */
		2DC6F8772413D6990097B013 /* Disertatie */ = {
			isa = PBXNativeTarget;
			buildConfigurationList = 2DC6F88C2413D69D0097B013 /* Build configuration list for PBXNativeTarget "Disertatie" */;
			buildPhases = (
				7EBEF6F6917E1A77AEF79A5A /* [CP] Check Pods Manifest.lock */,
				2DC6F8742413D6990097B013 /* Sources */,
				2DC6F8752413D6990097B013 /* Frameworks */,
				2DC6F8762413D6990097B013 /* Resources */,
				2AA815BA853B2D822968A9AE /* [CP] Embed Pods Frameworks */,
			);
			buildRules = (
			);
			dependencies = (
			);
			name = Disertatie;
			productName = Disertatie;
			productReference = 2DC6F8782413D6990097B013 /* Disertatie.app */;
			productType = "com.apple.product-type.application";
		};
/* End PBXNativeTarget section */

/* Begin PBXProject section */
		2DC6F8702413D6990097B013 /* Project object */ = {
			isa = PBXProject;
			attributes = {
				LastSwiftUpdateCheck = 1130;
				LastUpgradeCheck = 1130;
				ORGANIZATIONNAME = "Adrian Creteanu";
				TargetAttributes = {
					2DC6F8772413D6990097B013 = {
						CreatedOnToolsVersion = 11.3;
					};
				};
			};
			buildConfigurationList = 2DC6F8732413D6990097B013 /* Build configuration list for PBXProject "Disertatie" */;
			compatibilityVersion = "Xcode 9.3";
			developmentRegion = en;
			hasScannedForEncodings = 0;
			knownRegions = (
				en,
				Base,
				ro,
			);
			mainGroup = 2DC6F86F2413D6990097B013;
			productRefGroup = 2DC6F8792413D6990097B013 /* Products */;
			projectDirPath = "";
			projectRoot = "";
			targets = (
				2DC6F8772413D6990097B013 /* Disertatie */,
			);
		};
/* End PBXProject section */

/* Begin PBXResourcesBuildPhase section */
		2DC6F8762413D6990097B013 /* Resources */ = {
			isa = PBXResourcesBuildPhase;
			buildActionMask = 2147483647;
			files = (
				2DC6F8882413D69D0097B013 /* LaunchScreen.storyboard in Resources */,
				2D18FCDA242FF54400939080 /* GoogleService-Info.plist in Resources */,
				BCBB03132427A27A00C082F1 /* Colors.xcassets in Resources */,
				BCC6435D243FAE15000EB35C /* messages.json in Resources */,
				BC7C0F3D247124E30046C39B /* Localizable.strings in Resources */,
				BC946EC9244DEAD3004708FE /* World.png in Resources */,
				BCD918D4244FA61D00F80194 /* Login.png in Resources */,
				BCC64359243FAAE7000EB35C /* chats.json in Resources */,
				2DC6F8852413D69D0097B013 /* Assets.xcassets in Resources */,
			);
			runOnlyForDeploymentPostprocessing = 0;
		};
/* End PBXResourcesBuildPhase section */

/* Begin PBXShellScriptBuildPhase section */
		2AA815BA853B2D822968A9AE /* [CP] Embed Pods Frameworks */ = {
			isa = PBXShellScriptBuildPhase;
			buildActionMask = 2147483647;
			files = (
			);
			inputFileListPaths = (
				"${PODS_ROOT}/Target Support Files/Pods-Disertatie/Pods-Disertatie-frameworks-${CONFIGURATION}-input-files.xcfilelist",
			);
			name = "[CP] Embed Pods Frameworks";
			outputFileListPaths = (
				"${PODS_ROOT}/Target Support Files/Pods-Disertatie/Pods-Disertatie-frameworks-${CONFIGURATION}-output-files.xcfilelist",
			);
			runOnlyForDeploymentPostprocessing = 0;
			shellPath = /bin/sh;
			shellScript = "\"${PODS_ROOT}/Target Support Files/Pods-Disertatie/Pods-Disertatie-frameworks.sh\"\n";
			showEnvVarsInLog = 0;
		};
		7EBEF6F6917E1A77AEF79A5A /* [CP] Check Pods Manifest.lock */ = {
			isa = PBXShellScriptBuildPhase;
			buildActionMask = 2147483647;
			files = (
			);
			inputFileListPaths = (
			);
			inputPaths = (
				"${PODS_PODFILE_DIR_PATH}/Podfile.lock",
				"${PODS_ROOT}/Manifest.lock",
			);
			name = "[CP] Check Pods Manifest.lock";
			outputFileListPaths = (
			);
			outputPaths = (
				"$(DERIVED_FILE_DIR)/Pods-Disertatie-checkManifestLockResult.txt",
			);
			runOnlyForDeploymentPostprocessing = 0;
			shellPath = /bin/sh;
			shellScript = "diff \"${PODS_PODFILE_DIR_PATH}/Podfile.lock\" \"${PODS_ROOT}/Manifest.lock\" > /dev/null\nif [ $? != 0 ] ; then\n    # print error to STDERR\n    echo \"error: The sandbox is not in sync with the Podfile.lock. Run 'pod install' or update your CocoaPods installation.\" >&2\n    exit 1\nfi\n# This output is used by Xcode 'outputs' to avoid re-running this script phase.\necho \"SUCCESS\" > \"${SCRIPT_OUTPUT_FILE_0}\"\n";
			showEnvVarsInLog = 0;
		};
/* End PBXShellScriptBuildPhase section */

/* Begin PBXSourcesBuildPhase section */
		2DC6F8742413D6990097B013 /* Sources */ = {
			isa = PBXSourcesBuildPhase;
			buildActionMask = 2147483647;
			files = (
				2D18FCEA2430F41800939080 /* Fonts.swift in Sources */,
				2D2020BD2435066E006BAE99 /* Constants.swift in Sources */,
				BC9FA3182455D7400042A54D /* UINavigationControllerExtension.swift in Sources */,
				BC946EC3244DE435004708FE /* ProfileController.swift in Sources */,
				BC33D819242BE4C6007BF615 /* Title.swift in Sources */,
				BC33D81D242BFED0007BF615 /* Images.swift in Sources */,
				BC77AD37244514B700F9983E /* UIEdgeInsetsExtension.swift in Sources */,
				BC2005C5246DC8C900D2EDEF /* FirestoreService.swift in Sources */,
				BC77AD332442570E00F9983E /* MessageReceivedTableViewCell.swift in Sources */,
				2D18FCF3243121C800939080 /* MessageTableViewCell.swift in Sources */,
				BC52DC3C2452315D00ABB1BB /* LayoutProxy.swift in Sources */,
				2D2020C324351FB5006BAE99 /* UITextFieldExtension.swift in Sources */,
				BC52DC3024522FB400ABB1BB /* Message.swift in Sources */,
				2D18FCEE2430FC5100939080 /* UITableViewExtension.swift in Sources */,
				BC7328442427A575008D05EF /* Colors.swift in Sources */,
				2DC6F8802413D6990097B013 /* ChatsController.swift in Sources */,
				BC4BDDDC2440F96D00AC47E4 /* ChatViewModel.swift in Sources */,
				BC55490B243D0C4F00764306 /* APIClient.swift in Sources */,
				BC7328462427A605008D05EF /* SettingsController.swift in Sources */,
				BC4BDDDE2440F9A100AC47E4 /* UserViewModel.swift in Sources */,
				BCC923F6246D21BC0058346F /* Translations.swift in Sources */,
				BC2005C7246DC8DB00D2EDEF /* FirestoreManager.swift in Sources */,
				BC9FA314245498200042A54D /* UILabelExtension.swift in Sources */,
				BC9FA31224548EB90042A54D /* FormField.swift in Sources */,
				BC554909243D086000764306 /* TranslationEndpoint.swift in Sources */,
				BC9FA3162454D4D20042A54D /* UIButtonExtension.swift in Sources */,
				BC52DC3E2452358A00ABB1BB /* LayoutOperations.swift in Sources */,
				BC52DC422452498200ABB1BB /* LayoutDimension.swift in Sources */,
				2DA534FD2422D0E00000E9F9 /* APIRequest.swift in Sources */,
				2D2020BF24350845006BAE99 /* UIImageViewExtension.swift in Sources */,
				2D18FCF024310EAF00939080 /* UIViewExtension.swift in Sources */,
				BC946EC6244DE9E0004708FE /* AuthController.swift in Sources */,
				BC52DC2F24522FB400ABB1BB /* Chat.swift in Sources */,
				2D18FCEC2430F64B00939080 /* Strings.swift in Sources */,
				BCB60D56244F779C007108DB /* BorderedTextField.swift in Sources */,
				BC946ECB244DF06C004708FE /* RoundedButton.swift in Sources */,
				BC52DC4424524EAE00ABB1BB /* LayoutDimensionsProxy.swift in Sources */,
				2DC6F87C2413D6990097B013 /* AppDelegate.swift in Sources */,
				BC52DC3524522FDA00ABB1BB /* Base.swift in Sources */,
				BC52DC382452300B00ABB1BB /* LayoutAnchor.swift in Sources */,
				BC52DC3124522FB400ABB1BB /* User.swift in Sources */,
				BC52DC3224522FB400ABB1BB /* TranslationsAPI.swift in Sources */,
				BC52DC2924522F5600ABB1BB /* JSONHelper.swift in Sources */,
				BC554905243CCEA900764306 /* UITableViewCellExtension.swift in Sources */,
				BC33D820242C11FC007BF615 /* ChatController.swift in Sources */,
				BCB60D54244F71E8007108DB /* LoginController.swift in Sources */,
				2D9CD076243A50A700E62FC7 /* ChatsListTableViewCell.swift in Sources */,
				BC52DC4024523DFE00ABB1BB /* UIView+ConstraintsExtension.swift in Sources */,
				BC77AD31244246FC00F9983E /* MessageViewModel.swift in Sources */,
				2D2020C124351F4E006BAE99 /* MessageBarView.swift in Sources */,
				BCC923FA246D228F0058346F /* StringExtension.swift in Sources */,
				BCBB030B242787DE00C082F1 /* TabBarController.swift in Sources */,
				BCBB030E2427889800C082F1 /* TabBarItem.swift in Sources */,
				2D277B78241E6082004335F2 /* BaseController.swift in Sources */,
				2DC6F87E2413D6990097B013 /* SceneDelegate.swift in Sources */,
			);
			runOnlyForDeploymentPostprocessing = 0;
		};
/* End PBXSourcesBuildPhase section */

/* Begin PBXVariantGroup section */
		2DC6F8862413D69D0097B013 /* LaunchScreen.storyboard */ = {
			isa = PBXVariantGroup;
			children = (
				2DC6F8872413D69D0097B013 /* Base */,
			);
			name = LaunchScreen.storyboard;
			sourceTree = "<group>";
		};
		BC7C0F3B247124E30046C39B /* Localizable.strings */ = {
			isa = PBXVariantGroup;
			children = (
				BC7C0F3C247124E30046C39B /* ro */,
				BC7C0F3E247124ED0046C39B /* en */,
			);
			name = Localizable.strings;
			sourceTree = "<group>";
		};
/* End PBXVariantGroup section */

/* Begin XCBuildConfiguration section */
		2DC6F88A2413D69D0097B013 /* Debug */ = {
			isa = XCBuildConfiguration;
			buildSettings = {
				ALWAYS_SEARCH_USER_PATHS = NO;
				CLANG_ANALYZER_NONNULL = YES;
				CLANG_ANALYZER_NUMBER_OBJECT_CONVERSION = YES_AGGRESSIVE;
				CLANG_CXX_LANGUAGE_STANDARD = "gnu++14";
				CLANG_CXX_LIBRARY = "libc++";
				CLANG_ENABLE_MODULES = YES;
				CLANG_ENABLE_OBJC_ARC = YES;
				CLANG_ENABLE_OBJC_WEAK = YES;
				CLANG_WARN_BLOCK_CAPTURE_AUTORELEASING = YES;
				CLANG_WARN_BOOL_CONVERSION = YES;
				CLANG_WARN_COMMA = YES;
				CLANG_WARN_CONSTANT_CONVERSION = YES;
				CLANG_WARN_DEPRECATED_OBJC_IMPLEMENTATIONS = YES;
				CLANG_WARN_DIRECT_OBJC_ISA_USAGE = YES_ERROR;
				CLANG_WARN_DOCUMENTATION_COMMENTS = YES;
				CLANG_WARN_EMPTY_BODY = YES;
				CLANG_WARN_ENUM_CONVERSION = YES;
				CLANG_WARN_INFINITE_RECURSION = YES;
				CLANG_WARN_INT_CONVERSION = YES;
				CLANG_WARN_NON_LITERAL_NULL_CONVERSION = YES;
				CLANG_WARN_OBJC_IMPLICIT_RETAIN_SELF = YES;
				CLANG_WARN_OBJC_LITERAL_CONVERSION = YES;
				CLANG_WARN_OBJC_ROOT_CLASS = YES_ERROR;
				CLANG_WARN_RANGE_LOOP_ANALYSIS = YES;
				CLANG_WARN_STRICT_PROTOTYPES = YES;
				CLANG_WARN_SUSPICIOUS_MOVE = YES;
				CLANG_WARN_UNGUARDED_AVAILABILITY = YES_AGGRESSIVE;
				CLANG_WARN_UNREACHABLE_CODE = YES;
				CLANG_WARN__DUPLICATE_METHOD_MATCH = YES;
				COPY_PHASE_STRIP = NO;
				DEBUG_INFORMATION_FORMAT = dwarf;
				ENABLE_STRICT_OBJC_MSGSEND = YES;
				ENABLE_TESTABILITY = YES;
				GCC_C_LANGUAGE_STANDARD = gnu11;
				GCC_DYNAMIC_NO_PIC = NO;
				GCC_NO_COMMON_BLOCKS = YES;
				GCC_OPTIMIZATION_LEVEL = 0;
				GCC_PREPROCESSOR_DEFINITIONS = (
					"DEBUG=1",
					"$(inherited)",
				);
				GCC_WARN_64_TO_32_BIT_CONVERSION = YES;
				GCC_WARN_ABOUT_RETURN_TYPE = YES_ERROR;
				GCC_WARN_UNDECLARED_SELECTOR = YES;
				GCC_WARN_UNINITIALIZED_AUTOS = YES_AGGRESSIVE;
				GCC_WARN_UNUSED_FUNCTION = YES;
				GCC_WARN_UNUSED_VARIABLE = YES;
				IPHONEOS_DEPLOYMENT_TARGET = 13.2;
				MTL_ENABLE_DEBUG_INFO = INCLUDE_SOURCE;
				MTL_FAST_MATH = YES;
				ONLY_ACTIVE_ARCH = YES;
				SDKROOT = iphoneos;
				SWIFT_ACTIVE_COMPILATION_CONDITIONS = DEBUG;
				SWIFT_OPTIMIZATION_LEVEL = "-Onone";
			};
			name = Debug;
		};
		2DC6F88B2413D69D0097B013 /* Release */ = {
			isa = XCBuildConfiguration;
			buildSettings = {
				ALWAYS_SEARCH_USER_PATHS = NO;
				CLANG_ANALYZER_NONNULL = YES;
				CLANG_ANALYZER_NUMBER_OBJECT_CONVERSION = YES_AGGRESSIVE;
				CLANG_CXX_LANGUAGE_STANDARD = "gnu++14";
				CLANG_CXX_LIBRARY = "libc++";
				CLANG_ENABLE_MODULES = YES;
				CLANG_ENABLE_OBJC_ARC = YES;
				CLANG_ENABLE_OBJC_WEAK = YES;
				CLANG_WARN_BLOCK_CAPTURE_AUTORELEASING = YES;
				CLANG_WARN_BOOL_CONVERSION = YES;
				CLANG_WARN_COMMA = YES;
				CLANG_WARN_CONSTANT_CONVERSION = YES;
				CLANG_WARN_DEPRECATED_OBJC_IMPLEMENTATIONS = YES;
				CLANG_WARN_DIRECT_OBJC_ISA_USAGE = YES_ERROR;
				CLANG_WARN_DOCUMENTATION_COMMENTS = YES;
				CLANG_WARN_EMPTY_BODY = YES;
				CLANG_WARN_ENUM_CONVERSION = YES;
				CLANG_WARN_INFINITE_RECURSION = YES;
				CLANG_WARN_INT_CONVERSION = YES;
				CLANG_WARN_NON_LITERAL_NULL_CONVERSION = YES;
				CLANG_WARN_OBJC_IMPLICIT_RETAIN_SELF = YES;
				CLANG_WARN_OBJC_LITERAL_CONVERSION = YES;
				CLANG_WARN_OBJC_ROOT_CLASS = YES_ERROR;
				CLANG_WARN_RANGE_LOOP_ANALYSIS = YES;
				CLANG_WARN_STRICT_PROTOTYPES = YES;
				CLANG_WARN_SUSPICIOUS_MOVE = YES;
				CLANG_WARN_UNGUARDED_AVAILABILITY = YES_AGGRESSIVE;
				CLANG_WARN_UNREACHABLE_CODE = YES;
				CLANG_WARN__DUPLICATE_METHOD_MATCH = YES;
				COPY_PHASE_STRIP = NO;
				DEBUG_INFORMATION_FORMAT = "dwarf-with-dsym";
				ENABLE_NS_ASSERTIONS = NO;
				ENABLE_STRICT_OBJC_MSGSEND = YES;
				GCC_C_LANGUAGE_STANDARD = gnu11;
				GCC_NO_COMMON_BLOCKS = YES;
				GCC_WARN_64_TO_32_BIT_CONVERSION = YES;
				GCC_WARN_ABOUT_RETURN_TYPE = YES_ERROR;
				GCC_WARN_UNDECLARED_SELECTOR = YES;
				GCC_WARN_UNINITIALIZED_AUTOS = YES_AGGRESSIVE;
				GCC_WARN_UNUSED_FUNCTION = YES;
				GCC_WARN_UNUSED_VARIABLE = YES;
				IPHONEOS_DEPLOYMENT_TARGET = 13.2;
				MTL_ENABLE_DEBUG_INFO = NO;
				MTL_FAST_MATH = YES;
				SDKROOT = iphoneos;
				SWIFT_COMPILATION_MODE = wholemodule;
				SWIFT_OPTIMIZATION_LEVEL = "-O";
				VALIDATE_PRODUCT = YES;
			};
			name = Release;
		};
		2DC6F88D2413D69D0097B013 /* Debug */ = {
			isa = XCBuildConfiguration;
			baseConfigurationReference = 871927EB4BAF2C353339E3EB /* Pods-Disertatie.debug.xcconfig */;
			buildSettings = {
				ASSETCATALOG_COMPILER_APPICON_NAME = AppIcon;
				CODE_SIGN_STYLE = Automatic;
				DEVELOPMENT_TEAM = 78FDB4XPKP;
				INFOPLIST_FILE = "$(SRCROOT)/Disertatie/Assets/Info.plist";
				LD_RUNPATH_SEARCH_PATHS = (
					"$(inherited)",
					"@executable_path/Frameworks",
				);
				PRODUCT_BUNDLE_IDENTIFIER = com.chattranslator;
				PRODUCT_NAME = "$(TARGET_NAME)";
				SWIFT_VERSION = 5.0;
				TARGETED_DEVICE_FAMILY = "1,2";
			};
			name = Debug;
		};
		2DC6F88E2413D69D0097B013 /* Release */ = {
			isa = XCBuildConfiguration;
			baseConfigurationReference = 4146450FDA121C4C0ACE503F /* Pods-Disertatie.release.xcconfig */;
			buildSettings = {
				ASSETCATALOG_COMPILER_APPICON_NAME = AppIcon;
				CODE_SIGN_STYLE = Automatic;
				DEVELOPMENT_TEAM = 78FDB4XPKP;
				INFOPLIST_FILE = "$(SRCROOT)/Disertatie/Assets/Info.plist";
				LD_RUNPATH_SEARCH_PATHS = (
					"$(inherited)",
					"@executable_path/Frameworks",
				);
				PRODUCT_BUNDLE_IDENTIFIER = com.chattranslator;
				PRODUCT_NAME = "$(TARGET_NAME)";
				SWIFT_VERSION = 5.0;
				TARGETED_DEVICE_FAMILY = "1,2";
			};
			name = Release;
		};
/* End XCBuildConfiguration section */

/* Begin XCConfigurationList section */
		2DC6F8732413D6990097B013 /* Build configuration list for PBXProject "Disertatie" */ = {
			isa = XCConfigurationList;
			buildConfigurations = (
				2DC6F88A2413D69D0097B013 /* Debug */,
				2DC6F88B2413D69D0097B013 /* Release */,
			);
			defaultConfigurationIsVisible = 0;
			defaultConfigurationName = Release;
		};
		2DC6F88C2413D69D0097B013 /* Build configuration list for PBXNativeTarget "Disertatie" */ = {
			isa = XCConfigurationList;
			buildConfigurations = (
				2DC6F88D2413D69D0097B013 /* Debug */,
				2DC6F88E2413D69D0097B013 /* Release */,
			);
			defaultConfigurationIsVisible = 0;
			defaultConfigurationName = Release;
		};
/* End XCConfigurationList section */
	};
	rootObject = 2DC6F8702413D6990097B013 /* Project object */;
}
